# @generated - this file is auto-generated by `mise lock` https://mise.jdx.dev/dev-tools/mise-lock.html

lockfile_version = 1

[[tools."aqua:nextest-rs/nextest/cargo-nextest"]]
version = "0.9.143"
backend = "aqua:nextest-rs/nextest/cargo-nextest"
specifiers = ["0.9.143"]

[tools."aqua:nextest-rs/nextest/cargo-nextest"."platforms.linux-arm64"]
checksum = "sha256:2a64b3566a92508550a7ab29c3e8db25472ca37730ecb4d22100b6aa440c2a68"
url = "https://github.com/nextest-rs/nextest/releases/download/cargo-nextest-0.9.143/cargo-nextest-0.9.143-aarch64-unknown-linux-gnu.tar.gz"
url_api = "https://api.github.com/repos/nextest-rs/nextest/releases/assets/501881925"

[tools."aqua:nextest-rs/nextest/cargo-nextest"."platforms.linux-arm64-musl"]
checksum = "sha256:0560ce0ce017f368c54b5db86588370fc03b470985490fa81200e62a657dda05"
url = "https://github.com/nextest-rs/nextest/releases/download/cargo-nextest-0.9.143/cargo-nextest-0.9.143-aarch64-unknown-linux-musl.tar.gz"
url_api = "https://api.github.com/repos/nextest-rs/nextest/releases/assets/501882957"

[tools."aqua:nextest-rs/nextest/cargo-nextest"."platforms.linux-x64"]
checksum = "sha256:66786b9abe23920d022a182d1416b1bbc8130dd4872a9553d76985a1708dcd1e"
url = "https://github.com/nextest-rs/nextest/releases/download/cargo-nextest-0.9.143/cargo-nextest-0.9.143-x86_64-unknown-linux-gnu.tar.gz"
url_api = "https://api.github.com/repos/nextest-rs/nextest/releases/assets/501882467"

[tools."aqua:nextest-rs/nextest/cargo-nextest"."platforms.linux-x64-baseline"]
checksum = "sha256:66786b9abe23920d022a182d1416b1bbc8130dd4872a9553d76985a1708dcd1e"
url = "https://github.com/nextest-rs/nextest/releases/download/cargo-nextest-0.9.143/cargo-nextest-0.9.143-x86_64-unknown-linux-gnu.tar.gz"
url_api = "https://api.github.com/repos/nextest-rs/nextest/releases/assets/501882467"

[tools."aqua:nextest-rs/nextest/cargo-nextest"."platforms.linux-x64-musl"]
checksum = "sha256:6d891c18105ec2d33f6e441a4f92b7ccab47ba263e22055c8bb66884243f3389"
url = "https://github.com/nextest-rs/nextest/releases/download/cargo-nextest-0.9.143/cargo-nextest-0.9.143-x86_64-unknown-linux-musl.tar.gz"
url_api = "https://api.github.com/repos/nextest-rs/nextest/releases/assets/501883394"

[tools."aqua:nextest-rs/nextest/cargo-nextest"."platforms.linux-x64-musl-baseline"]
checksum = "sha256:6d891c18105ec2d33f6e441a4f92b7ccab47ba263e22055c8bb66884243f3389"
url = "https://github.com/nextest-rs/nextest/releases/download/cargo-nextest-0.9.143/cargo-nextest-0.9.143-x86_64-unknown-linux-musl.tar.gz"
url_api = "https://api.github.com/repos/nextest-rs/nextest/releases/assets/501883394"

[tools."aqua:nextest-rs/nextest/cargo-nextest"."platforms.macos-arm64"]
checksum = "sha256:4830d430411148d17602a75cc880bfb4dc8dac153dea59a48a2ef4cc93577f07"
url = "https://github.com/nextest-rs/nextest/releases/download/cargo-nextest-0.9.143/cargo-nextest-0.9.143-universal-apple-darwin.tar.gz"
url_api = "https://api.github.com/repos/nextest-rs/nextest/releases/assets/501885637"

[tools."aqua:nextest-rs/nextest/cargo-nextest"."platforms.macos-x64"]
checksum = "sha256:4830d430411148d17602a75cc880bfb4dc8dac153dea59a48a2ef4cc93577f07"
url = "https://github.com/nextest-rs/nextest/releases/download/cargo-nextest-0.9.143/cargo-nextest-0.9.143-universal-apple-darwin.tar.gz"
url_api = "https://api.github.com/repos/nextest-rs/nextest/releases/assets/501885637"

[tools."aqua:nextest-rs/nextest/cargo-nextest"."platforms.macos-x64-baseline"]
checksum = "sha256:4830d430411148d17602a75cc880bfb4dc8dac153dea59a48a2ef4cc93577f07"
url = "https://github.com/nextest-rs/nextest/releases/download/cargo-nextest-0.9.143/cargo-nextest-0.9.143-universal-apple-darwin.tar.gz"
url_api = "https://api.github.com/repos/nextest-rs/nextest/releases/assets/501885637"

[[tools.bun]]
version = "1.2.20"
backend = "core:bun"
specifiers = ["1.2.20"]

[tools.bun."platforms.linux-arm64"]
checksum = "sha256:98d2e0b2c09421569172b4d46b6f81378c2dbdd77480ebb27f3989dd4e72e18b"
url = "https://github.com/oven-sh/bun/releases/download/bun-v1.2.20/bun-linux-aarch64.zip"

[tools.bun."platforms.linux-arm64-musl"]
checksum = "sha256:f0e9f74ee6cf04febd379eac5d55448cb243cf31acc5bddf6b2ec443ccea667c"
url = "https://github.com/oven-sh/bun/releases/download/bun-v1.2.20/bun-linux-aarch64-musl.zip"

[tools.bun."platforms.linux-x64"]
checksum = "sha256:4e9edc4cba0c7c1623a288be01e53bbde11a4d073f2cf339cab026627858b548"
url = "https://github.com/oven-sh/bun/releases/download/bun-v1.2.20/bun-linux-x64.zip"

[tools.bun."platforms.linux-x64-baseline"]
checksum = "sha256:b3e5fac252490d98bd7cd4f209c60608d373576d7e1970661b9d5027833b22ec"
url = "https://github.com/oven-sh/bun/releases/download/bun-v1.2.20/bun-linux-x64-baseline.zip"

[tools.bun."platforms.linux-x64-musl"]
checksum = "sha256:09326b572708b549c6cf0706734100f13a7189fe1efd8db59a2b5615d84eb4e9"
url = "https://github.com/oven-sh/bun/releases/download/bun-v1.2.20/bun-linux-x64-musl.zip"

[tools.bun."platforms.linux-x64-musl-baseline"]
checksum = "sha256:44b31365a87c114e268f825b2c59478d04fd1559dea5fb4d5cd5ea3aa431b6a8"
url = "https://github.com/oven-sh/bun/releases/download/bun-v1.2.20/bun-linux-x64-musl-baseline.zip"

[tools.bun."platforms.macos-arm64"]
checksum = "sha256:404f5a6dd1f604b40eb3b156d4197bb8d398bb26e0ae4c8ac8e7aa490f7e235f"
url = "https://github.com/oven-sh/bun/releases/download/bun-v1.2.20/bun-darwin-aarch64.zip"

[tools.bun."platforms.macos-x64"]
checksum = "sha256:e1cc2f4b8e4d4172dde107982db42a22f8c5c8d8bb26078c23285704a4b72cd6"
url = "https://github.com/oven-sh/bun/releases/download/bun-v1.2.20/bun-darwin-x64.zip"

[tools.bun."platforms.macos-x64-baseline"]
checksum = "sha256:962d597801e42e3c62fbf6f63bff1e76aa1a471a5896ebd8319782f10ce08961"
url = "https://github.com/oven-sh/bun/releases/download/bun-v1.2.20/bun-darwin-x64-baseline.zip"

[[tools."cargo:bacon"]]
version = "3.25.0"
backend = "cargo:bacon"
specifiers = ["3.25.0"]

[tools."cargo:bacon".options]
default-features = "false"
locked = "true"

[[tools."github:tareqimbasher/cargo-seek"]]
version = "0.2.0"
backend = "github:tareqimbasher/cargo-seek"
specifiers = ["0.2.0"]

[tools."github:tareqimbasher/cargo-seek"."platforms.linux-arm64"]
checksum = "sha256:6e13aab64def57c3e9030751da0624246236b97e3477c154006797f10a806003"
url = "https://github.com/tareqimbasher/cargo-seek/releases/download/v0.2.0/cargo-seek-v0.2.0-linux-arm64.tar.gz"
url_api = "https://api.github.com/repos/tareqimbasher/cargo-seek/releases/assets/470764886"

[tools."github:tareqimbasher/cargo-seek"."platforms.linux-x64"]
checksum = "sha256:6a64951c47f391ddfc576cbafe8e7db14b3df6d922461f8f00ee709d0599a9a6"
url = "https://github.com/tareqimbasher/cargo-seek/releases/download/v0.2.0/cargo-seek-v0.2.0-linux-x86_64.tar.gz"
url_api = "https://api.github.com/repos/tareqimbasher/cargo-seek/releases/assets/470764884"

[tools."github:tareqimbasher/cargo-seek"."platforms.macos-arm64"]
checksum = "sha256:ddba8b69ababbe87d07b94403f351df4ad19311e99aa35dcbf883f5343cc94b2"
url = "https://github.com/tareqimbasher/cargo-seek/releases/download/v0.2.0/cargo-seek-v0.2.0-macos-arm64.tar.gz"
url_api = "https://api.github.com/repos/tareqimbasher/cargo-seek/releases/assets/470764887"

[tools."github:tareqimbasher/cargo-seek"."platforms.macos-x64"]
checksum = "sha256:b4f800f9cb7eb08d523a16829132b4b4cfa2319e875913d93cbe2bbf98f3b6ed"
url = "https://github.com/tareqimbasher/cargo-seek/releases/download/v0.2.0/cargo-seek-v0.2.0-macos-x86_64.tar.gz"
url_api = "https://api.github.com/repos/tareqimbasher/cargo-seek/releases/assets/470764879"

[[tools.node]]
version = "26.7.0"
backend = "core:node"
specifiers = ["26.7.0"]

[tools.node."platforms.linux-arm64"]
checksum = "sha256:925aa6157dd37542d0d7f2e28b7bf61e7b39284411210b0498bc3788db4aef68"
url = "https://nodejs.org/dist/v26.7.0/node-v26.7.0-linux-arm64.tar.gz"

[tools.node."platforms.linux-arm64-musl"]
checksum = "sha256:e650560ab1ecec0eb5845b43b87d6024c87b4e143c3e044cbb607cc135dbaadb"
url = "https://unofficial-builds.nodejs.org/download/release/v26.7.0/node-v26.7.0-linux-arm64-musl.tar.gz"

[tools.node."platforms.linux-x64"]
checksum = "sha256:bd6b6c31e377bad9ad579bed72e5bc11f4c879ac9452ad51d30e646ea3d828df"
url = "https://nodejs.org/dist/v26.7.0/node-v26.7.0-linux-x64.tar.gz"

[tools.node."platforms.linux-x64-baseline"]
checksum = "sha256:bd6b6c31e377bad9ad579bed72e5bc11f4c879ac9452ad51d30e646ea3d828df"
url = "https://nodejs.org/dist/v26.7.0/node-v26.7.0-linux-x64.tar.gz"

[tools.node."platforms.linux-x64-musl"]
checksum = "sha256:84fc4e29e5f86022a40bac50a28a1b9275dd1f32eebbf4db499e2573ff822124"
url = "https://unofficial-builds.nodejs.org/download/release/v26.7.0/node-v26.7.0-linux-x64-musl.tar.gz"

[tools.node."platforms.linux-x64-musl-baseline"]
checksum = "sha256:84fc4e29e5f86022a40bac50a28a1b9275dd1f32eebbf4db499e2573ff822124"
url = "https://unofficial-builds.nodejs.org/download/release/v26.7.0/node-v26.7.0-linux-x64-musl.tar.gz"

[tools.node."platforms.macos-arm64"]
checksum = "sha256:7ee659a7768e641bbfd5360940660b8e8fd0052f77488f365562bac522fc15d4"
url = "https://nodejs.org/dist/v26.7.0/node-v26.7.0-darwin-arm64.tar.gz"

[tools.node."platforms.macos-x64"]
checksum = "sha256:f279d1ed28ce57f7788bf23435d2ad7fdd7438904ad5c4d8a1081a7cde3d4b96"
url = "https://nodejs.org/dist/v26.7.0/node-v26.7.0-darwin-x64.tar.gz"

[tools.node."platforms.macos-x64-baseline"]
checksum = "sha256:f279d1ed28ce57f7788bf23435d2ad7fdd7438904ad5c4d8a1081a7cde3d4b96"
url = "https://nodejs.org/dist/v26.7.0/node-v26.7.0-darwin-x64.tar.gz"

[[tools.python]]
version = "3.12.14"
backend = "core:python"
specifiers = ["3.12.14"]

[tools.python."platforms.linux-arm64"]
checksum = "sha256:577b4bec0793ad1ff0cbff9adbd0df078eddde38a4c41bf5d83ad381a85ee39d"
url = "https://github.com/astral-sh/python-build-standalone/releases/download/20260901/cpython-3.12.14+20260901-aarch64-unknown-linux-gnu-install_only_stripped.tar.gz"
provenance = "github-attestations"

[tools.python."platforms.linux-arm64-musl"]
checksum = "sha256:a0ad6f01b9204eba573a08927097b78143c564f98bea68a41ea1e172f041da3a"
url = "https://github.com/astral-sh/python-build-standalone/releases/download/20260901/cpython-3.12.14+20260901-aarch64-unknown-linux-musl-install_only_stripped.tar.gz"
provenance = "github-attestations"

[tools.python."platforms.linux-x64"]
checksum = "sha256:72748da13197c1fb161e3afeef20a6a385ff24f2165e6e2758e47008e7faba4c"
url = "https://github.com/astral-sh/python-build-standalone/releases/download/20260901/cpython-3.12.14+20260901-x86_64-unknown-linux-gnu-install_only_stripped.tar.gz"
provenance = "github-attestations"

[tools.python."platforms.linux-x64-baseline"]
checksum = "sha256:72748da13197c1fb161e3afeef20a6a385ff24f2165e6e2758e47008e7faba4c"
url = "https://github.com/astral-sh/python-build-standalone/releases/download/20260901/cpython-3.12.14+20260901-x86_64-unknown-linux-gnu-install_only_stripped.tar.gz"
provenance = "github-attestations"

[tools.python."platforms.linux-x64-musl"]
checksum = "sha256:1f37044c8cdbd74d5ee112a753c65ef209fedd169c98f3e4e748a93e27eb27a4"
url = "https://github.com/astral-sh/python-build-standalone/releases/download/20260901/cpython-3.12.14+20260901-x86_64-unknown-linux-musl-install_only_stripped.tar.gz"
provenance = "github-attestations"

[tools.python."platforms.linux-x64-musl-baseline"]
checksum = "sha256:1f37044c8cdbd74d5ee112a753c65ef209fedd169c98f3e4e748a93e27eb27a4"
url = "https://github.com/astral-sh/python-build-standalone/releases/download/20260901/cpython-3.12.14+20260901-x86_64-unknown-linux-musl-install_only_stripped.tar.gz"
provenance = "github-attestations"

[tools.python."platforms.macos-arm64"]
checksum = "sha256:81a359f1cfadd4da11766534c5913791cea55f26e1bb902cacd2a531bb1e4b2b"
url = "https://github.com/astral-sh/python-build-standalone/releases/download/20260901/cpython-3.12.14+20260901-aarch64-apple-darwin-install_only_stripped.tar.gz"
provenance = "github-attestations"

[tools.python."platforms.macos-x64"]
checksum = "sha256:65b195c9cedc1fef6767f044f9822069adbd1bd9204d424ece4628776fdc04bb"
url = "https://github.com/astral-sh/python-build-standalone/releases/download/20260901/cpython-3.12.14+20260901-x86_64-apple-darwin-install_only_stripped.tar.gz"
provenance = "github-attestations"

[tools.python."platforms.macos-x64-baseline"]
checksum = "sha256:65b195c9cedc1fef6767f044f9822069adbd1bd9204d424ece4628776fdc04bb"
url = "https://github.com/astral-sh/python-build-standalone/releases/download/20260901/cpython-3.12.14+20260901-x86_64-apple-darwin-install_only_stripped.tar.gz"
provenance = "github-attestations"

[[tools.rust]]
version = "1.97.1"
backend = "core:rust"
specifiers = ["1.97.1"]

[tools.rust.options]
components = "clippy,rust-analyzer,rust-src,rustfmt"
profile = "minimal"

[[tools.watchexec]]
version = "2.7.1"
backend = "aqua:watchexec/watchexec"
specifiers = ["2.7.1"]

[tools.watchexec."platforms.linux-arm64"]
checksum = "sha256:cdf2fda16ea0df3cec5966641045d783bab4274b8a84a43980c67ba1b3625513"
url = "https://github.com/watchexec/watchexec/releases/download/v2.7.1/watchexec-2.7.1-aarch64-unknown-linux-gnu.tar.xz"
url_api = "https://api.github.com/repos/watchexec/watchexec/releases/assets/542557714"

[tools.watchexec."platforms.linux-arm64-musl"]
checksum = "sha256:30edef1d001c680c6f69f12714eb386cc27afd2a67c3fca3014cabefe79b50b9"
url = "https://github.com/watchexec/watchexec/releases/download/v2.7.1/watchexec-2.7.1-aarch64-unknown-linux-musl.tar.xz"
url_api = "https://api.github.com/repos/watchexec/watchexec/releases/assets/542557757"

[tools.watchexec."platforms.linux-x64"]
checksum = "sha256:0b0946cdb8c9151d1db5a2c552b6229724960a58b0417fb2a20f810c2135abd2"
url = "https://github.com/watchexec/watchexec/releases/download/v2.7.1/watchexec-2.7.1-x86_64-unknown-linux-gnu.tar.xz"
url_api = "https://api.github.com/repos/watchexec/watchexec/releases/assets/542557708"

[tools.watchexec."platforms.linux-x64-baseline"]
checksum = "sha256:0b0946cdb8c9151d1db5a2c552b6229724960a58b0417fb2a20f810c2135abd2"
url = "https://github.com/watchexec/watchexec/releases/download/v2.7.1/watchexec-2.7.1-x86_64-unknown-linux-gnu.tar.xz"
url_api = "https://api.github.com/repos/watchexec/watchexec/releases/assets/542557708"

[tools.watchexec."platforms.linux-x64-musl"]
checksum = "sha256:816b51381e328468258d9c687052a57f6f587bb1702dc69e4ebc449518a82c44"
url = "https://github.com/watchexec/watchexec/releases/download/v2.7.1/watchexec-2.7.1-x86_64-unknown-linux-musl.tar.xz"
url_api = "https://api.github.com/repos/watchexec/watchexec/releases/assets/542557682"

[tools.watchexec."platforms.linux-x64-musl-baseline"]
checksum = "sha256:816b51381e328468258d9c687052a57f6f587bb1702dc69e4ebc449518a82c44"
url = "https://github.com/watchexec/watchexec/releases/download/v2.7.1/watchexec-2.7.1-x86_64-unknown-linux-musl.tar.xz"
url_api = "https://api.github.com/repos/watchexec/watchexec/releases/assets/542557682"

[tools.watchexec."platforms.macos-arm64"]
checksum = "sha256:91790a4ca5079612efd2a8b3a7806f7876289a3530bb5ea6ce62384170a51de2"
url = "https://github.com/watchexec/watchexec/releases/download/v2.7.1/watchexec-2.7.1-aarch64-apple-darwin.tar.xz"
url_api = "https://api.github.com/repos/watchexec/watchexec/releases/assets/542557712"

[tools.watchexec."platforms.macos-x64"]
checksum = "sha256:c9bd6a400e7df64e7cd8dbbe252ddf4550dfedf8bbdd65ce5a4acd5e3fc9bcd0"
url = "https://github.com/watchexec/watchexec/releases/download/v2.7.1/watchexec-2.7.1-x86_64-apple-darwin.tar.xz"
url_api = "https://api.github.com/repos/watchexec/watchexec/releases/assets/542557698"

[tools.watchexec."platforms.macos-x64-baseline"]
checksum = "sha256:c9bd6a400e7df64e7cd8dbbe252ddf4550dfedf8bbdd65ce5a4acd5e3fc9bcd0"
url = "https://github.com/watchexec/watchexec/releases/download/v2.7.1/watchexec-2.7.1-x86_64-apple-darwin.tar.xz"
url_api = "https://api.github.com/repos/watchexec/watchexec/releases/assets/542557698"
